
Microsoft Visual Studio Solution File, Format Version 12.00
# Visual Studio Version 17
VisualStudioVersion = 17.7.34031.279
MinimumVisualStudioVersion = 10.0.40219.1
Project("{FAE04EC0-301F-11D3-BF4B-00C04F79EFBC}") = "Assignment2", "Assignment2\Assignment2.csproj", "{AA00DFB4-B285-40EE-8EB4-49368DE859EB}"
EndProject
Global
	GlobalSection(SolutionConfigurationPlatforms) = preSolution
		Debug|Any CPU = Debug|Any CPU
		Release|Any CPU = Release|Any CPU
	EndGlobalSection
	GlobalSection(ProjectConfigurationPlatforms) = postSolution
		{AA00DFB4-B285-40EE-8EB4-49368DE859EB}.Debug|Any CPU.ActiveCfg = Debug|Any CPU
		{AA00DFB4-B285-40EE-8EB4-49368DE859EB}.Debug|Any CPU.Build.0 = Debug|Any CPU
		{AA00DFB4-B285-40EE-8EB4-49368DE859EB}.Release|Any CPU.ActiveCfg = Release|Any CPU
		{AA00DFB4-B285-40EE-8EB4-49368DE859EB}.Release|Any CPU.Build.0 = Release|Any CPU
	EndGlobalSection
	GlobalSection(SolutionProperties) = preSolution
		HideSolutionNode = FALSE
	EndGlobalSection
	GlobalSection(ExtensibilityGlobals) = postSolution
		SolutionGuid = {C3C7FBEE-C1ED-4974-80A8-150B64F3B015}
	EndGlobalSection
EndGlobal
